
Microsoft Visual Studio Solution File, Format Version 12.00
# Visual Studio 15
VisualStudioVersion = 15.0.27703.2047
MinimumVisualStudioVersion = 10.0.40219.1
Project("{FAE04EC0-301F-11D3-BF4B-00C04F79EFBC}") = "SSB.Common.Logging.Tests", "SSB.Common.Logging.Tests\SSB.Common.Logging.Tests.csproj", "{AA7C3EDB-FA54-4589-98B8-E73B00C41388}"
EndProject
Project("{FAE04EC0-301F-11D3-BF4B-00C04F79EFBC}") = "Ssb.Common.Logging", "Ssb.Common.Logging\Ssb.Common.Logging.csproj", "{7352CB3E-0F58-4A84-9848-D18D8AEFEE9B}"
EndProject
Project("{FAE04EC0-301F-11D3-BF4B-00C04F79EFBC}") = "SomeJob", "SomeJob\SomeJob.csproj", "{A06FCB03-01DF-49F3-BA40-D02548044FAF}"
EndProject
Global
	GlobalSection(SolutionConfigurationPlatforms) = preSolution
		Debug|Any CPU = Debug|Any CPU
		Release|Any CPU = Release|Any CPU
	EndGlobalSection
	GlobalSection(ProjectConfigurationPlatforms) = postSolution
		{AA7C3EDB-FA54-4589-98B8-E73B00C41388}.Debug|Any CPU.ActiveCfg = Debug|Any CPU
		{AA7C3EDB-FA54-4589-98B8-E73B00C41388}.Debug|Any CPU.Build.0 = Debug|Any CPU
		{AA7C3EDB-FA54-4589-98B8-E73B00C41388}.Release|Any CPU.ActiveCfg = Release|Any CPU
		{AA7C3EDB-FA54-4589-98B8-E73B00C41388}.Release|Any CPU.Build.0 = Release|Any CPU
		{7352CB3E-0F58-4A84-9848-D18D8AEFEE9B}.Debug|Any CPU.ActiveCfg = Debug|Any CPU
		{7352CB3E-0F58-4A84-9848-D18D8AEFEE9B}.Debug|Any CPU.Build.0 = Debug|Any CPU
		{7352CB3E-0F58-4A84-9848-D18D8AEFEE9B}.Release|Any CPU.ActiveCfg = Release|Any CPU
		{7352CB3E-0F58-4A84-9848-D18D8AEFEE9B}.Release|Any CPU.Build.0 = Release|Any CPU
		{A06FCB03-01DF-49F3-BA40-D02548044FAF}.Debug|Any CPU.ActiveCfg = Debug|Any CPU
		{A06FCB03-01DF-49F3-BA40-D02548044FAF}.Debug|Any CPU.Build.0 = Debug|Any CPU
		{A06FCB03-01DF-49F3-BA40-D02548044FAF}.Release|Any CPU.ActiveCfg = Release|Any CPU
		{A06FCB03-01DF-49F3-BA40-D02548044FAF}.Release|Any CPU.Build.0 = Release|Any CPU
	EndGlobalSection
	GlobalSection(SolutionProperties) = preSolution
		HideSolutionNode = FALSE
	EndGlobalSection
	GlobalSection(ExtensibilityGlobals) = postSolution
		SolutionGuid = {7C2DDBBC-C5BC-4545-B67B-708BA47417B8}
	EndGlobalSection
EndGlobal
